// !$*UTF8*$!
{
	archiveVersion = 1;
	classes = {
	};
	objectVersion = 55;
	objects = {

/* Begin PBXBuildFile section */
		6902C99828AB689300108DAC /* BankAccount.swift in Sources */ = {isa = PBXBuildFile; fileRef = 6902C99728AB689300108DAC /* BankAccount.swift */; };
		6902C99B28AB6A8C00108DAC /* BankAccount_Test.swift in Sources */ = {isa = PBXBuildFile; fileRef = 6902C99A28AB6A8C00108DAC /* BankAccount_Test.swift */; };
		6902C99D28AB9E7B00108DAC /* BankAccountActor.swift in Sources */ = {isa = PBXBuildFile; fileRef = 6902C99C28AB9E7B00108DAC /* BankAccountActor.swift */; };
		697FDA61289944CD00A6EC28 /* TDD_Demo.swift in Sources */ = {isa = PBXBuildFile; fileRef = 697FDA60289944CD00A6EC28 /* TDD_Demo.swift */; };
		697FDA652899451E00A6EC28 /* TDD_Demo_Test.swift in Sources */ = {isa = PBXBuildFile; fileRef = 697FDA642899451E00A6EC28 /* TDD_Demo_Test.swift */; };
		698817A228A25111004C37F8 /* DataLoader.swift in Sources */ = {isa = PBXBuildFile; fileRef = 698817A128A25111004C37F8 /* DataLoader.swift */; };
		698817A428A25592004C37F8 /* Users.json in Resources */ = {isa = PBXBuildFile; fileRef = 698817A328A25592004C37F8 /* Users.json */; };
		698817A628A2586B004C37F8 /* DataLoaderTests.swift in Sources */ = {isa = PBXBuildFile; fileRef = 698817A528A2586B004C37F8 /* DataLoaderTests.swift */; };
		698817A828A26713004C37F8 /* Empty.json in Resources */ = {isa = PBXBuildFile; fileRef = 698817A728A26713004C37F8 /* Empty.json */; };
		698817AA28A2696C004C37F8 /* Invalid.json in Resources */ = {isa = PBXBuildFile; fileRef = 698817A928A2696C004C37F8 /* Invalid.json */; };
		698817AC28A2699A004C37F8 /* Valid.json in Resources */ = {isa = PBXBuildFile; fileRef = 698817AB28A2699A004C37F8 /* Valid.json */; };
		698817AE28A26DE3004C37F8 /* Coordinator_Demo.swift in Sources */ = {isa = PBXBuildFile; fileRef = 698817AD28A26DE3004C37F8 /* Coordinator_Demo.swift */; };
		698817B028A2718E004C37F8 /* Coordinator_Demo_Tests.swift in Sources */ = {isa = PBXBuildFile; fileRef = 698817AF28A2718E004C37F8 /* Coordinator_Demo_Tests.swift */; };
		698817B228A27553004C37F8 /* ViewController_Demo.swift in Sources */ = {isa = PBXBuildFile; fileRef = 698817B128A27553004C37F8 /* ViewController_Demo.swift */; };
		698817B428A2762D004C37F8 /* ViewController_Demo_Tests.swift in Sources */ = {isa = PBXBuildFile; fileRef = 698817B328A2762D004C37F8 /* ViewController_Demo_Tests.swift */; };
		69AA02FB2890108600DDF334 /* AppDelegate.swift in Sources */ = {isa = PBXBuildFile; fileRef = 69AA02FA2890108600DDF334 /* AppDelegate.swift */; };
		69AA03042890108900DDF334 /* Assets.xcassets in Resources */ = {isa = PBXBuildFile; fileRef = 69AA03032890108900DDF334 /* Assets.xcassets */; };
		69AA03072890108900DDF334 /* LaunchScreen.storyboard in Resources */ = {isa = PBXBuildFile; fileRef = 69AA03052890108900DDF334 /* LaunchScreen.storyboard */; };
		69AA03122890108900DDF334 /* WorkshopTests.swift in Sources */ = {isa = PBXBuildFile; fileRef = 69AA03112890108900DDF334 /* WorkshopTests.swift */; };
		69AA031C2890108900DDF334 /* WorkshopUITests.swift in Sources */ = {isa = PBXBuildFile; fileRef = 69AA031B2890108900DDF334 /* WorkshopUITests.swift */; };
		69AA031E2890108900DDF334 /* WorkshopUITestsLaunchTests.swift in Sources */ = {isa = PBXBuildFile; fileRef = 69AA031D2890108900DDF334 /* WorkshopUITestsLaunchTests.swift */; };
		69AA03372890260C00DDF334 /* Utils.swift in Sources */ = {isa = PBXBuildFile; fileRef = 69AA03362890260C00DDF334 /* Utils.swift */; };
/* End PBXBuildFile section */

/* Begin PBXContainerItemProxy section */
		69AA030E2890108900DDF334 /* PBXContainerItemProxy */ = {
			isa = PBXContainerItemProxy;
			containerPortal = 69AA02EF2890108600DDF334 /* Project object */;
			proxyType = 1;
			remoteGlobalIDString = 69AA02F62890108600DDF334;
			remoteInfo = Workshop;
		};
		69AA03182890108900DDF334 /* PBXContainerItemProxy */ = {
			isa = PBXContainerItemProxy;
			containerPortal = 69AA02EF2890108600DDF334 /* Project object */;
			proxyType = 1;
			remoteGlobalIDString = 69AA02F62890108600DDF334;
			remoteInfo = Workshop;
		};
/* End PBXContainerItemProxy section */

/* Begin PBXFileReference section */
		6902C99428AB61BC00108DAC /* TDD.pptx */ = {isa = PBXFileReference; lastKnownFileType = file; path = TDD.pptx; sourceTree = "<group>"; };
		6902C99528AB61BC00108DAC /* UnitTest.pptx */ = {isa = PBXFileReference; lastKnownFileType = file; path = UnitTest.pptx; sourceTree = "<group>"; };
		6902C99728AB689300108DAC /* BankAccount.swift */ = {isa = PBXFileReference; lastKnownFileType = sourcecode.swift; path = BankAccount.swift; sourceTree = "<group>"; };
		6902C99A28AB6A8C00108DAC /* BankAccount_Test.swift */ = {isa = PBXFileReference; lastKnownFileType = sourcecode.swift; path = BankAccount_Test.swift; sourceTree = "<group>"; };
		6902C99C28AB9E7B00108DAC /* BankAccountActor.swift */ = {isa = PBXFileReference; lastKnownFileType = sourcecode.swift; path = BankAccountActor.swift; sourceTree = "<group>"; };
		6902C99E28ABC46F00108DAC /* RaceCondition.pptx */ = {isa = PBXFileReference; lastKnownFileType = file; path = RaceCondition.pptx; sourceTree = "<group>"; };
		6902C99F28ABC4C200108DAC /* README.md */ = {isa = PBXFileReference; lastKnownFileType = net.daringfireball.markdown; path = README.md; sourceTree = "<group>"; };
		6902C9A128ABC54400108DAC /* README.md */ = {isa = PBXFileReference; lastKnownFileType = net.daringfireball.markdown; path = README.md; sourceTree = "<group>"; };
		6902C9A328ABC55700108DAC /* README.md */ = {isa = PBXFileReference; lastKnownFileType = net.daringfireball.markdown; path = README.md; sourceTree = "<group>"; };
		697FDA60289944CD00A6EC28 /* TDD_Demo.swift */ = {isa = PBXFileReference; lastKnownFileType = sourcecode.swift; path = TDD_Demo.swift; sourceTree = "<group>"; };
		697FDA642899451E00A6EC28 /* TDD_Demo_Test.swift */ = {isa = PBXFileReference; lastKnownFileType = sourcecode.swift; path = TDD_Demo_Test.swift; sourceTree = "<group>"; };
		698817A128A25111004C37F8 /* DataLoader.swift */ = {isa = PBXFileReference; lastKnownFileType = sourcecode.swift; path = DataLoader.swift; sourceTree = "<group>"; };
		698817A328A25592004C37F8 /* Users.json */ = {isa = PBXFileReference; lastKnownFileType = text.json; path = Users.json; sourceTree = "<group>"; };
		698817A528A2586B004C37F8 /* DataLoaderTests.swift */ = {isa = PBXFileReference; lastKnownFileType = sourcecode.swift; path = DataLoaderTests.swift; sourceTree = "<group>"; };
		698817A728A26713004C37F8 /* Empty.json */ = {isa = PBXFileReference; lastKnownFileType = text.json; path = Empty.json; sourceTree = "<group>"; };
		698817A928A2696C004C37F8 /* Invalid.json */ = {isa = PBXFileReference; lastKnownFileType = text.json; path = Invalid.json; sourceTree = "<group>"; };
		698817AB28A2699A004C37F8 /* Valid.json */ = {isa = PBXFileReference; lastKnownFileType = text.json; path = Valid.json; sourceTree = "<group>"; };
		698817AD28A26DE3004C37F8 /* Coordinator_Demo.swift */ = {isa = PBXFileReference; lastKnownFileType = sourcecode.swift; path = Coordinator_Demo.swift; sourceTree = "<group>"; };
		698817AF28A2718E004C37F8 /* Coordinator_Demo_Tests.swift */ = {isa = PBXFileReference; lastKnownFileType = sourcecode.swift; path = Coordinator_Demo_Tests.swift; sourceTree = "<group>"; };
		698817B128A27553004C37F8 /* ViewController_Demo.swift */ = {isa = PBXFileReference; lastKnownFileType = sourcecode.swift; path = ViewController_Demo.swift; sourceTree = "<group>"; };
		698817B328A2762D004C37F8 /* ViewController_Demo_Tests.swift */ = {isa = PBXFileReference; lastKnownFileType = sourcecode.swift; path = ViewController_Demo_Tests.swift; sourceTree = "<group>"; };
		69AA02F72890108600DDF334 /* Workshop.app */ = {isa = PBXFileReference; explicitFileType = wrapper.application; includeInIndex = 0; path = Workshop.app; sourceTree = BUILT_PRODUCTS_DIR; };
		69AA02FA2890108600DDF334 /* AppDelegate.swift */ = {isa = PBXFileReference; lastKnownFileType = sourcecode.swift; path = AppDelegate.swift; sourceTree = "<group>"; };
		69AA03032890108900DDF334 /* Assets.xcassets */ = {isa = PBXFileReference; lastKnownFileType = folder.assetcatalog; path = Assets.xcassets; sourceTree = "<group>"; };
		69AA03062890108900DDF334 /* Base */ = {isa = PBXFileReference; lastKnownFileType = file.storyboard; name = Base; path = Base.lproj/LaunchScreen.storyboard; sourceTree = "<group>"; };
		69AA03082890108900DDF334 /* Info.plist */ = {isa = PBXFileReference; lastKnownFileType = text.plist.xml; path = Info.plist; sourceTree = "<group>"; };
		69AA030D2890108900DDF334 /* WorkshopTests.xctest */ = {isa = PBXFileReference; explicitFileType = wrapper.cfbundle; includeInIndex = 0; path = WorkshopTests.xctest; sourceTree = BUILT_PRODUCTS_DIR; };
		69AA03112890108900DDF334 /* WorkshopTests.swift */ = {isa = PBXFileReference; lastKnownFileType = sourcecode.swift; path = WorkshopTests.swift; sourceTree = "<group>"; };
		69AA03172890108900DDF334 /* WorkshopUITests.xctest */ = {isa = PBXFileReference; explicitFileType = wrapper.cfbundle; includeInIndex = 0; path = WorkshopUITests.xctest; sourceTree = BUILT_PRODUCTS_DIR; };
		69AA031B2890108900DDF334 /* WorkshopUITests.swift */ = {isa = PBXFileReference; lastKnownFileType = sourcecode.swift; path = WorkshopUITests.swift; sourceTree = "<group>"; };
		69AA031D2890108900DDF334 /* WorkshopUITestsLaunchTests.swift */ = {isa = PBXFileReference; lastKnownFileType = sourcecode.swift; path = WorkshopUITestsLaunchTests.swift; sourceTree = "<group>"; };
		69AA03362890260C00DDF334 /* Utils.swift */ = {isa = PBXFileReference; lastKnownFileType = sourcecode.swift; path = Utils.swift; sourceTree = "<group>"; };
		69AA033828912FD800DDF334 /* README.md */ = {isa = PBXFileReference; fileEncoding = 4; lastKnownFileType = net.daringfireball.markdown; path = README.md; sourceTree = "<group>"; };
/* End PBXFileReference section */

/* Begin PBXFrameworksBuildPhase section */
		69AA02F42890108600DDF334 /* Frameworks */ = {
			isa = PBXFrameworksBuildPhase;
			buildActionMask = 2147483647;
			files = (
			);
			runOnlyForDeploymentPostprocessing = 0;
		};
		69AA030A2890108900DDF334 /* Frameworks */ = {
			isa = PBXFrameworksBuildPhase;
			buildActionMask = 2147483647;
			files = (
			);
			runOnlyForDeploymentPostprocessing = 0;
		};
		69AA03142890108900DDF334 /* Frameworks */ = {
			isa = PBXFrameworksBuildPhase;
			buildActionMask = 2147483647;
			files = (
			);
			runOnlyForDeploymentPostprocessing = 0;
		};
/* End PBXFrameworksBuildPhase section */

/* Begin PBXGroup section */
		6902C99628AB684200108DAC /* RaceCondition */ = {
			isa = PBXGroup;
			children = (
				6902C99728AB689300108DAC /* BankAccount.swift */,
				6902C99C28AB9E7B00108DAC /* BankAccountActor.swift */,
				6902C99F28ABC4C200108DAC /* README.md */,
			);
			path = RaceCondition;
			sourceTree = "<group>";
		};
		6902C99928AB6A6200108DAC /* RaceCondition */ = {
			isa = PBXGroup;
			children = (
				6902C99A28AB6A8C00108DAC /* BankAccount_Test.swift */,
			);
			path = RaceCondition;
			sourceTree = "<group>";
		};
		695826FC2899279500690281 /* TDD */ = {
			isa = PBXGroup;
			children = (
				697FDA60289944CD00A6EC28 /* TDD_Demo.swift */,
				6902C9A328ABC55700108DAC /* README.md */,
			);
			path = TDD;
			sourceTree = "<group>";
		};
		695826FD289927C800690281 /* TDD */ = {
			isa = PBXGroup;
			children = (
				697FDA642899451E00A6EC28 /* TDD_Demo_Test.swift */,
			);
			path = TDD;
			sourceTree = "<group>";
		};
		6988179B28A2334B004C37F8 /* UnitTest */ = {
			isa = PBXGroup;
			children = (
				698817A128A25111004C37F8 /* DataLoader.swift */,
				698817AD28A26DE3004C37F8 /* Coordinator_Demo.swift */,
				698817B128A27553004C37F8 /* ViewController_Demo.swift */,
				6902C9A128ABC54400108DAC /* README.md */,
			);
			path = UnitTest;
			sourceTree = "<group>";
		};
		6988179E28A236ED004C37F8 /* UnitTest */ = {
			isa = PBXGroup;
			children = (
				698817A528A2586B004C37F8 /* DataLoaderTests.swift */,
				698817A728A26713004C37F8 /* Empty.json */,
				698817A928A2696C004C37F8 /* Invalid.json */,
				698817AB28A2699A004C37F8 /* Valid.json */,
				698817AF28A2718E004C37F8 /* Coordinator_Demo_Tests.swift */,
				698817B328A2762D004C37F8 /* ViewController_Demo_Tests.swift */,
			);
			path = UnitTest;
			sourceTree = "<group>";
		};
		69AA02EE2890108600DDF334 = {
			isa = PBXGroup;
			children = (
				69AA033828912FD800DDF334 /* README.md */,
				69AA02F92890108600DDF334 /* Workshop */,
				69AA03102890108900DDF334 /* WorkshopTests */,
				69AA031A2890108900DDF334 /* WorkshopUITests */,
				69AA02F82890108600DDF334 /* Products */,
			);
			sourceTree = "<group>";
		};
		69AA02F82890108600DDF334 /* Products */ = {
			isa = PBXGroup;
			children = (
				69AA02F72890108600DDF334 /* Workshop.app */,
				69AA030D2890108900DDF334 /* WorkshopTests.xctest */,
				69AA03172890108900DDF334 /* WorkshopUITests.xctest */,
			);
			name = Products;
			sourceTree = "<group>";
		};
		69AA02F92890108600DDF334 /* Workshop */ = {
			isa = PBXGroup;
			children = (
				69AA032B2890109E00DDF334 /* Resources */,
				69AA032A2890109600DDF334 /* Main */,
				69AA032C289010D800DDF334 /* Topics */,
				69AA0335289025F500DDF334 /* Utils */,
				69AA03082890108900DDF334 /* Info.plist */,
			);
			path = Workshop;
			sourceTree = "<group>";
		};
		69AA03102890108900DDF334 /* WorkshopTests */ = {
			isa = PBXGroup;
			children = (
				6902C99928AB6A6200108DAC /* RaceCondition */,
				6988179E28A236ED004C37F8 /* UnitTest */,
				695826FD289927C800690281 /* TDD */,
				69AA03112890108900DDF334 /* WorkshopTests.swift */,
			);
			path = WorkshopTests;
			sourceTree = "<group>";
		};
		69AA031A2890108900DDF334 /* WorkshopUITests */ = {
			isa = PBXGroup;
			children = (
				69AA031B2890108900DDF334 /* WorkshopUITests.swift */,
				69AA031D2890108900DDF334 /* WorkshopUITestsLaunchTests.swift */,
			);
			path = WorkshopUITests;
			sourceTree = "<group>";
		};
		69AA032A2890109600DDF334 /* Main */ = {
			isa = PBXGroup;
			children = (
				69AA02FA2890108600DDF334 /* AppDelegate.swift */,
			);
			path = Main;
			sourceTree = "<group>";
		};
		69AA032B2890109E00DDF334 /* Resources */ = {
			isa = PBXGroup;
			children = (
				6902C99E28ABC46F00108DAC /* RaceCondition.pptx */,
				6902C99428AB61BC00108DAC /* TDD.pptx */,
				6902C99528AB61BC00108DAC /* UnitTest.pptx */,
				69AA03032890108900DDF334 /* Assets.xcassets */,
				69AA03052890108900DDF334 /* LaunchScreen.storyboard */,
				698817A328A25592004C37F8 /* Users.json */,
			);
			path = Resources;
			sourceTree = "<group>";
		};
		69AA032C289010D800DDF334 /* Topics */ = {
			isa = PBXGroup;
			children = (
				6902C99628AB684200108DAC /* RaceCondition */,
				6988179B28A2334B004C37F8 /* UnitTest */,
				695826FC2899279500690281 /* TDD */,
			);
			path = Topics;
			sourceTree = "<group>";
		};
		69AA0335289025F500DDF334 /* Utils */ = {
			isa = PBXGroup;
			children = (
				69AA03362890260C00DDF334 /* Utils.swift */,
			);
			path = Utils;
			sourceTree = "<group>";
		};
/* End PBXGroup section */

/* Begin PBXNativeTarget section */
		69AA02F62890108600DDF334 /* Workshop */ = {
			isa = PBXNativeTarget;
			buildConfigurationList = 69AA03212890108900DDF334 /* Build configuration list for PBXNativeTarget "Workshop" */;
			buildPhases = (
				69AA02F32890108600DDF334 /* Sources */,
				69AA02F42890108600DDF334 /* Frameworks */,
				69AA02F52890108600DDF334 /* Resources */,
			);
			buildRules = (
			);
			dependencies = (
			);
			name = Workshop;
			productName = Workshop;
			productReference = 69AA02F72890108600DDF334 /* Workshop.app */;
			productType = "com.apple.product-type.application";
		};
		69AA030C2890108900DDF334 /* WorkshopTests */ = {
			isa = PBXNativeTarget;
			buildConfigurationList = 69AA03242890108900DDF334 /* Build configuration list for PBXNativeTarget "WorkshopTests" */;
			buildPhases = (
				69AA03092890108900DDF334 /* Sources */,
				69AA030A2890108900DDF334 /* Frameworks */,
				69AA030B2890108900DDF334 /* Resources */,
			);
			buildRules = (
			);
			dependencies = (
				69AA030F2890108900DDF334 /* PBXTargetDependency */,
			);
			name = WorkshopTests;
			productName = WorkshopTests;
			productReference = 69AA030D2890108900DDF334 /* WorkshopTests.xctest */;
			productType = "com.apple.product-type.bundle.unit-test";
		};
		69AA03162890108900DDF334 /* WorkshopUITests */ = {
			isa = PBXNativeTarget;
			buildConfigurationList = 69AA03272890108900DDF334 /* Build configuration list for PBXNativeTarget "WorkshopUITests" */;
			buildPhases = (
				69AA03132890108900DDF334 /* Sources */,
				69AA03142890108900DDF334 /* Frameworks */,
				69AA03152890108900DDF334 /* Resources */,
			);
			buildRules = (
			);
			dependencies = (
				69AA03192890108900DDF334 /* PBXTargetDependency */,
			);
			name = WorkshopUITests;
			productName = WorkshopUITests;
			productReference = 69AA03172890108900DDF334 /* WorkshopUITests.xctest */;
			productType = "com.apple.product-type.bundle.ui-testing";
		};
/* End PBXNativeTarget section */

/* Begin PBXProject section */
		69AA02EF2890108600DDF334 /* Project object */ = {
			isa = PBXProject;
			attributes = {
				BuildIndependentTargetsInParallel = 1;
				LastSwiftUpdateCheck = 1340;
				LastUpgradeCheck = 1340;
				TargetAttributes = {
					69AA02F62890108600DDF334 = {
						CreatedOnToolsVersion = 13.4.1;
					};
					69AA030C2890108900DDF334 = {
						CreatedOnToolsVersion = 13.4.1;
						TestTargetID = 69AA02F62890108600DDF334;
					};
					69AA03162890108900DDF334 = {
						CreatedOnToolsVersion = 13.4.1;
						TestTargetID = 69AA02F62890108600DDF334;
					};
				};
			};
			buildConfigurationList = 69AA02F22890108600DDF334 /* Build configuration list for PBXProject "Workshop" */;
			compatibilityVersion = "Xcode 13.0";
			developmentRegion = en;
			hasScannedForEncodings = 0;
			knownRegions = (
				en,
				Base,
			);
			mainGroup = 69AA02EE2890108600DDF334;
			productRefGroup = 69AA02F82890108600DDF334 /* Products */;
			projectDirPath = "";
			projectRoot = "";
			targets = (
				69AA02F62890108600DDF334 /* Workshop */,
				69AA030C2890108900DDF334 /* WorkshopTests */,
				69AA03162890108900DDF334 /* WorkshopUITests */,
			);
		};
/* End PBXProject section */

/* Begin PBXResourcesBuildPhase section */
		69AA02F52890108600DDF334 /* Resources */ = {
			isa = PBXResourcesBuildPhase;
			buildActionMask = 2147483647;
			files = (
				698817A428A25592004C37F8 /* Users.json in Resources */,
				69AA03072890108900DDF334 /* LaunchScreen.storyboard in Resources */,
				69AA03042890108900DDF334 /* Assets.xcassets in Resources */,
			);
			runOnlyForDeploymentPostprocessing = 0;
		};
		69AA030B2890108900DDF334 /* Resources */ = {
			isa = PBXResourcesBuildPhase;
			buildActionMask = 2147483647;
			files = (
				698817A828A26713004C37F8 /* Empty.json in Resources */,
				698817AC28A2699A004C37F8 /* Valid.json in Resources */,
				698817AA28A2696C004C37F8 /* Invalid.json in Resources */,
			);
			runOnlyForDeploymentPostprocessing = 0;
		};
		69AA03152890108900DDF334 /* Resources */ = {
			isa = PBXResourcesBuildPhase;
			buildActionMask = 2147483647;
			files = (
			);
			runOnlyForDeploymentPostprocessing = 0;
		};
/* End PBXResourcesBuildPhase section */

/* Begin PBXSourcesBuildPhase section */
		69AA02F32890108600DDF334 /* Sources */ = {
			isa = PBXSourcesBuildPhase;
			buildActionMask = 2147483647;
			files = (
				698817A228A25111004C37F8 /* DataLoader.swift in Sources */,
				698817B228A27553004C37F8 /* ViewController_Demo.swift in Sources */,
				69AA02FB2890108600DDF334 /* AppDelegate.swift in Sources */,
				6902C99D28AB9E7B00108DAC /* BankAccountActor.swift in Sources */,
				69AA03372890260C00DDF334 /* Utils.swift in Sources */,
				698817AE28A26DE3004C37F8 /* Coordinator_Demo.swift in Sources */,
				6902C99828AB689300108DAC /* BankAccount.swift in Sources */,
				697FDA61289944CD00A6EC28 /* TDD_Demo.swift in Sources */,
			);
			runOnlyForDeploymentPostprocessing = 0;
		};
		69AA03092890108900DDF334 /* Sources */ = {
			isa = PBXSourcesBuildPhase;
			buildActionMask = 2147483647;
			files = (
				698817A628A2586B004C37F8 /* DataLoaderTests.swift in Sources */,
				698817B028A2718E004C37F8 /* Coordinator_Demo_Tests.swift in Sources */,
				69AA03122890108900DDF334 /* WorkshopTests.swift in Sources */,
				6902C99B28AB6A8C00108DAC /* BankAccount_Test.swift in Sources */,
				698817B428A2762D004C37F8 /* ViewController_Demo_Tests.swift in Sources */,
				697FDA652899451E00A6EC28 /* TDD_Demo_Test.swift in Sources */,
			);
			runOnlyForDeploymentPostprocessing = 0;
		};
		69AA03132890108900DDF334 /* Sources */ = {
			isa = PBXSourcesBuildPhase;
			buildActionMask = 2147483647;
			files = (
				69AA031E2890108900DDF334 /* WorkshopUITestsLaunchTests.swift in Sources */,
				69AA031C2890108900DDF334 /* WorkshopUITests.swift in Sources */,
			);
			runOnlyForDeploymentPostprocessing = 0;
		};
/* End PBXSourcesBuildPhase section */

/* Begin PBXTargetDependency section */
		69AA030F2890108900DDF334 /* PBXTargetDependency */ = {
			isa = PBXTargetDependency;
			target = 69AA02F62890108600DDF334 /* Workshop */;
			targetProxy = 69AA030E2890108900DDF334 /* PBXContainerItemProxy */;
		};
		69AA03192890108900DDF334 /* PBXTargetDependency */ = {
			isa = PBXTargetDependency;
			target = 69AA02F62890108600DDF334 /* Workshop */;
			targetProxy = 69AA03182890108900DDF334 /* PBXContainerItemProxy */;
		};
/* End PBXTargetDependency section */

/* Begin PBXVariantGroup section */
		69AA03052890108900DDF334 /* LaunchScreen.storyboard */ = {
			isa = PBXVariantGroup;
			children = (
				69AA03062890108900DDF334 /* Base */,
			);
			name = LaunchScreen.storyboard;
			sourceTree = "<group>";
		};
/* End PBXVariantGroup section */

/* Begin XCBuildConfiguration section */
		69AA031F2890108900DDF334 /* Debug */ = {
			isa = XCBuildConfiguration;
			buildSettings = {
				ALWAYS_SEARCH_USER_PATHS = NO;
				CLANG_ANALYZER_NONNULL = YES;
				CLANG_ANALYZER_NUMBER_OBJECT_CONVERSION = YES_AGGRESSIVE;
				CLANG_CXX_LANGUAGE_STANDARD = "gnu++17";
				CLANG_ENABLE_MODULES = YES;
				CLANG_ENABLE_OBJC_ARC = YES;
				CLANG_ENABLE_OBJC_WEAK = YES;
				CLANG_WARN_BLOCK_CAPTURE_AUTORELEASING = YES;
				CLANG_WARN_BOOL_CONVERSION = YES;
				CLANG_WARN_COMMA = YES;
				CLANG_WARN_CONSTANT_CONVERSION = YES;
				CLANG_WARN_DEPRECATED_OBJC_IMPLEMENTATIONS = YES;
				CLANG_WARN_DIRECT_OBJC_ISA_USAGE = YES_ERROR;
				CLANG_WARN_DOCUMENTATION_COMMENTS = YES;
				CLANG_WARN_EMPTY_BODY = YES;
				CLANG_WARN_ENUM_CONVERSION = YES;
				CLANG_WARN_INFINITE_RECURSION = YES;
				CLANG_WARN_INT_CONVERSION = YES;
				CLANG_WARN_NON_LITERAL_NULL_CONVERSION = YES;
				CLANG_WARN_OBJC_IMPLICIT_RETAIN_SELF = YES;
				CLANG_WARN_OBJC_LITERAL_CONVERSION = YES;
				CLANG_WARN_OBJC_ROOT_CLASS = YES_ERROR;
				CLANG_WARN_QUOTED_INCLUDE_IN_FRAMEWORK_HEADER = YES;
				CLANG_WARN_RANGE_LOOP_ANALYSIS = YES;
				CLANG_WARN_STRICT_PROTOTYPES = YES;
				CLANG_WARN_SUSPICIOUS_MOVE = YES;
				CLANG_WARN_UNGUARDED_AVAILABILITY = YES_AGGRESSIVE;
				CLANG_WARN_UNREACHABLE_CODE = YES;
				CLANG_WARN__DUPLICATE_METHOD_MATCH = YES;
				COPY_PHASE_STRIP = NO;
				DEBUG_INFORMATION_FORMAT = dwarf;
				ENABLE_STRICT_OBJC_MSGSEND = YES;
				ENABLE_TESTABILITY = YES;
				GCC_C_LANGUAGE_STANDARD = gnu11;
				GCC_DYNAMIC_NO_PIC = NO;
				GCC_NO_COMMON_BLOCKS = YES;
				GCC_OPTIMIZATION_LEVEL = 0;
				GCC_PREPROCESSOR_DEFINITIONS = (
					"DEBUG=1",
					"$(inherited)",
				);
				GCC_WARN_64_TO_32_BIT_CONVERSION = YES;
				GCC_WARN_ABOUT_RETURN_TYPE = YES_ERROR;
				GCC_WARN_UNDECLARED_SELECTOR = YES;
				GCC_WARN_UNINITIALIZED_AUTOS = YES_AGGRESSIVE;
				GCC_WARN_UNUSED_FUNCTION = YES;
				GCC_WARN_UNUSED_VARIABLE = YES;
				IPHONEOS_DEPLOYMENT_TARGET = 15.5;
				MTL_ENABLE_DEBUG_INFO = INCLUDE_SOURCE;
				MTL_FAST_MATH = YES;
				ONLY_ACTIVE_ARCH = YES;
				SDKROOT = iphoneos;
				SWIFT_ACTIVE_COMPILATION_CONDITIONS = DEBUG;
				SWIFT_OPTIMIZATION_LEVEL = "-Onone";
			};
			name = Debug;
		};
		69AA03202890108900DDF334 /* Release */ = {
			isa = XCBuildConfiguration;
			buildSettings = {
				ALWAYS_SEARCH_USER_PATHS = NO;
				CLANG_ANALYZER_NONNULL = YES;
				CLANG_ANALYZER_NUMBER_OBJECT_CONVERSION = YES_AGGRESSIVE;
				CLANG_CXX_LANGUAGE_STANDARD = "gnu++17";
				CLANG_ENABLE_MODULES = YES;
				CLANG_ENABLE_OBJC_ARC = YES;
				CLANG_ENABLE_OBJC_WEAK = YES;
				CLANG_WARN_BLOCK_CAPTURE_AUTORELEASING = YES;
				CLANG_WARN_BOOL_CONVERSION = YES;
				CLANG_WARN_COMMA = YES;
				CLANG_WARN_CONSTANT_CONVERSION = YES;
				CLANG_WARN_DEPRECATED_OBJC_IMPLEMENTATIONS = YES;
				CLANG_WARN_DIRECT_OBJC_ISA_USAGE = YES_ERROR;
				CLANG_WARN_DOCUMENTATION_COMMENTS = YES;
				CLANG_WARN_EMPTY_BODY = YES;
				CLANG_WARN_ENUM_CONVERSION = YES;
				CLANG_WARN_INFINITE_RECURSION = YES;
				CLANG_WARN_INT_CONVERSION = YES;
				CLANG_WARN_NON_LITERAL_NULL_CONVERSION = YES;
				CLANG_WARN_OBJC_IMPLICIT_RETAIN_SELF = YES;
				CLANG_WARN_OBJC_LITERAL_CONVERSION = YES;
				CLANG_WARN_OBJC_ROOT_CLASS = YES_ERROR;
				CLANG_WARN_QUOTED_INCLUDE_IN_FRAMEWORK_HEADER = YES;
				CLANG_WARN_RANGE_LOOP_ANALYSIS = YES;
				CLANG_WARN_STRICT_PROTOTYPES = YES;
				CLANG_WARN_SUSPICIOUS_MOVE = YES;
				CLANG_WARN_UNGUARDED_AVAILABILITY = YES_AGGRESSIVE;
				CLANG_WARN_UNREACHABLE_CODE = YES;
				CLANG_WARN__DUPLICATE_METHOD_MATCH = YES;
				COPY_PHASE_STRIP = NO;
				DEBUG_INFORMATION_FORMAT = "dwarf-with-dsym";
				ENABLE_NS_ASSERTIONS = NO;
				ENABLE_STRICT_OBJC_MSGSEND = YES;
				GCC_C_LANGUAGE_STANDARD = gnu11;
				GCC_NO_COMMON_BLOCKS = YES;
				GCC_WARN_64_TO_32_BIT_CONVERSION = YES;
				GCC_WARN_ABOUT_RETURN_TYPE = YES_ERROR;
				GCC_WARN_UNDECLARED_SELECTOR = YES;
				GCC_WARN_UNINITIALIZED_AUTOS = YES_AGGRESSIVE;
				GCC_WARN_UNUSED_FUNCTION = YES;
				GCC_WARN_UNUSED_VARIABLE = YES;
				IPHONEOS_DEPLOYMENT_TARGET = 15.5;
				MTL_ENABLE_DEBUG_INFO = NO;
				MTL_FAST_MATH = YES;
				SDKROOT = iphoneos;
				SWIFT_COMPILATION_MODE = wholemodule;
				SWIFT_OPTIMIZATION_LEVEL = "-O";
				VALIDATE_PRODUCT = YES;
			};
			name = Release;
		};
		69AA03222890108900DDF334 /* Debug */ = {
			isa = XCBuildConfiguration;
			buildSettings = {
				ASSETCATALOG_COMPILER_APPICON_NAME = AppIcon;
				ASSETCATALOG_COMPILER_GLOBAL_ACCENT_COLOR_NAME = AccentColor;
				CODE_SIGN_STYLE = Automatic;
				CURRENT_PROJECT_VERSION = 1;
				GENERATE_INFOPLIST_FILE = YES;
				INFOPLIST_FILE = Workshop/Info.plist;
				INFOPLIST_KEY_UIApplicationSupportsIndirectInputEvents = YES;
				INFOPLIST_KEY_UILaunchStoryboardName = LaunchScreen;
				INFOPLIST_KEY_UISupportedInterfaceOrientations_iPad = "UIInterfaceOrientationPortrait UIInterfaceOrientationPortraitUpsideDown UIInterfaceOrientationLandscapeLeft UIInterfaceOrientationLandscapeRight";
				INFOPLIST_KEY_UISupportedInterfaceOrientations_iPhone = "UIInterfaceOrientationPortrait UIInterfaceOrientationLandscapeLeft UIInterfaceOrientationLandscapeRight";
				LD_RUNPATH_SEARCH_PATHS = (
					"$(inherited)",
					"@executable_path/Frameworks",
				);
				MARKETING_VERSION = 1.0;
				PRODUCT_BUNDLE_IDENTIFIER = com.chipbk10.Workshop;
				PRODUCT_NAME = "$(TARGET_NAME)";
				SWIFT_EMIT_LOC_STRINGS = YES;
				SWIFT_VERSION = 5.0;
				TARGETED_DEVICE_FAMILY = "1,2";
			};
			name = Debug;
		};
		69AA03232890108900DDF334 /* Release */ = {
			isa = XCBuildConfiguration;
			buildSettings = {
				ASSETCATALOG_COMPILER_APPICON_NAME = AppIcon;
				ASSETCATALOG_COMPILER_GLOBAL_ACCENT_COLOR_NAME = AccentColor;
				CODE_SIGN_STYLE = Automatic;
				CURRENT_PROJECT_VERSION = 1;
				GENERATE_INFOPLIST_FILE = YES;
				INFOPLIST_FILE = Workshop/Info.plist;
				INFOPLIST_KEY_UIApplicationSupportsIndirectInputEvents = YES;
				INFOPLIST_KEY_UILaunchStoryboardName = LaunchScreen;
				INFOPLIST_KEY_UISupportedInterfaceOrientations_iPad = "UIInterfaceOrientationPortrait UIInterfaceOrientationPortraitUpsideDown UIInterfaceOrientationLandscapeLeft UIInterfaceOrientationLandscapeRight";
				INFOPLIST_KEY_UISupportedInterfaceOrientations_iPhone = "UIInterfaceOrientationPortrait UIInterfaceOrientationLandscapeLeft UIInterfaceOrientationLandscapeRight";
				LD_RUNPATH_SEARCH_PATHS = (
					"$(inherited)",
					"@executable_path/Frameworks",
				);
				MARKETING_VERSION = 1.0;
				PRODUCT_BUNDLE_IDENTIFIER = com.chipbk10.Workshop;
				PRODUCT_NAME = "$(TARGET_NAME)";
				SWIFT_EMIT_LOC_STRINGS = YES;
				SWIFT_VERSION = 5.0;
				TARGETED_DEVICE_FAMILY = "1,2";
			};
			name = Release;
		};
		69AA03252890108900DDF334 /* Debug */ = {
			isa = XCBuildConfiguration;
			buildSettings = {
				ALWAYS_EMBED_SWIFT_STANDARD_LIBRARIES = YES;
				BUNDLE_LOADER = "$(TEST_HOST)";
				CODE_SIGN_STYLE = Automatic;
				CURRENT_PROJECT_VERSION = 1;
				GENERATE_INFOPLIST_FILE = YES;
				IPHONEOS_DEPLOYMENT_TARGET = 15.5;
				MARKETING_VERSION = 1.0;
				PRODUCT_BUNDLE_IDENTIFIER = com.chipbk10.WorkshopTests;
				PRODUCT_NAME = "$(TARGET_NAME)";
				SWIFT_EMIT_LOC_STRINGS = NO;
				SWIFT_VERSION = 5.0;
				TARGETED_DEVICE_FAMILY = "1,2";
				TEST_HOST = "$(BUILT_PRODUCTS_DIR)/Workshop.app/Workshop";
			};
			name = Debug;
		};
		69AA03262890108900DDF334 /* Release */ = {
			isa = XCBuildConfiguration;
			buildSettings = {
				ALWAYS_EMBED_SWIFT_STANDARD_LIBRARIES = YES;
				BUNDLE_LOADER = "$(TEST_HOST)";
				CODE_SIGN_STYLE = Automatic;
				CURRENT_PROJECT_VERSION = 1;
				GENERATE_INFOPLIST_FILE = YES;
				IPHONEOS_DEPLOYMENT_TARGET = 15.5;
				MARKETING_VERSION = 1.0;
				PRODUCT_BUNDLE_IDENTIFIER = com.chipbk10.WorkshopTests;
				PRODUCT_NAME = "$(TARGET_NAME)";
				SWIFT_EMIT_LOC_STRINGS = NO;
				SWIFT_VERSION = 5.0;
				TARGETED_DEVICE_FAMILY = "1,2";
				TEST_HOST = "$(BUILT_PRODUCTS_DIR)/Workshop.app/Workshop";
			};
			name = Release;
		};
		69AA03282890108900DDF334 /* Debug */ = {
			isa = XCBuildConfiguration;
			buildSettings = {
				ALWAYS_EMBED_SWIFT_STANDARD_LIBRARIES = YES;
				CODE_SIGN_STYLE = Automatic;
				CURRENT_PROJECT_VERSION = 1;
				GENERATE_INFOPLIST_FILE = YES;
				MARKETING_VERSION = 1.0;
				PRODUCT_BUNDLE_IDENTIFIER = com.chipbk10.WorkshopUITests;
				PRODUCT_NAME = "$(TARGET_NAME)";
				SWIFT_EMIT_LOC_STRINGS = NO;
				SWIFT_VERSION = 5.0;
				TARGETED_DEVICE_FAMILY = "1,2";
				TEST_TARGET_NAME = Workshop;
			};
			name = Debug;
		};
		69AA03292890108900DDF334 /* Release */ = {
			isa = XCBuildConfiguration;
			buildSettings = {
				ALWAYS_EMBED_SWIFT_STANDARD_LIBRARIES = YES;
				CODE_SIGN_STYLE = Automatic;
				CURRENT_PROJECT_VERSION = 1;
				GENERATE_INFOPLIST_FILE = YES;
				MARKETING_VERSION = 1.0;
				PRODUCT_BUNDLE_IDENTIFIER = com.chipbk10.WorkshopUITests;
				PRODUCT_NAME = "$(TARGET_NAME)";
				SWIFT_EMIT_LOC_STRINGS = NO;
				SWIFT_VERSION = 5.0;
				TARGETED_DEVICE_FAMILY = "1,2";
				TEST_TARGET_NAME = Workshop;
			};
			name = Release;
		};
/* End XCBuildConfiguration section */

/* Begin XCConfigurationList section */
		69AA02F22890108600DDF334 /* Build configuration list for PBXProject "Workshop" */ = {
			isa = XCConfigurationList;
			buildConfigurations = (
				69AA031F2890108900DDF334 /* Debug */,
				69AA03202890108900DDF334 /* Release */,
			);
			defaultConfigurationIsVisible = 0;
			defaultConfigurationName = Release;
		};
		69AA03212890108900DDF334 /* Build configuration list for PBXNativeTarget "Workshop" */ = {
			isa = XCConfigurationList;
			buildConfigurations = (
				69AA03222890108900DDF334 /* Debug */,
				69AA03232890108900DDF334 /* Release */,
			);
			defaultConfigurationIsVisible = 0;
			defaultConfigurationName = Release;
		};
		69AA03242890108900DDF334 /* Build configuration list for PBXNativeTarget "WorkshopTests" */ = {
			isa = XCConfigurationList;
			buildConfigurations = (
				69AA03252890108900DDF334 /* Debug */,
				69AA03262890108900DDF334 /* Release */,
			);
			defaultConfigurationIsVisible = 0;
			defaultConfigurationName = Release;
		};
		69AA03272890108900DDF334 /* Build configuration list for PBXNativeTarget "WorkshopUITests" */ = {
			isa = XCConfigurationList;
			buildConfigurations = (
				69AA03282890108900DDF334 /* Debug */,
				69AA03292890108900DDF334 /* Release */,
			);
			defaultConfigurationIsVisible = 0;
			defaultConfigurationName = Release;
		};
/* End XCConfigurationList section */
	};
	rootObject = 69AA02EF2890108600DDF334 /* Project object */;
}
